
Microsoft Visual Studio Solution File, Format Version 12.00
# Visual Studio Version 17
VisualStudioVersion = 17.1.32328.378
MinimumVisualStudioVersion = 10.0.40219.1
Project("{FAE04EC0-301F-11D3-BF4B-00C04F79EFBC}") = "MvvmElF", "MvvmElF\MvvmElF.csproj", "{F01478FB-1217-49B0-B4D5-6D503B292855}"
EndProject
Project("{FAE04EC0-301F-11D3-BF4B-00C04F79EFBC}") = "MvvmElF.TestApp", "MvvmElF.TestApp\MvvmElF.TestApp.csproj", "{FC764200-2FD8-47F5-8B11-9493A3306833}"
EndProject
Global
	GlobalSection(SolutionConfigurationPlatforms) = preSolution
		Debug|Any CPU = Debug|Any CPU
		Release|Any CPU = Release|Any CPU
	EndGlobalSection
	GlobalSection(ProjectConfigurationPlatforms) = postSolution
		{F01478FB-1217-49B0-B4D5-6D503B292855}.Debug|Any CPU.ActiveCfg = Debug|Any CPU
		{F01478FB-1217-49B0-B4D5-6D503B292855}.Debug|Any CPU.Build.0 = Debug|Any CPU
		{F01478FB-1217-49B0-B4D5-6D503B292855}.Release|Any CPU.ActiveCfg = Release|Any CPU
		{F01478FB-1217-49B0-B4D5-6D503B292855}.Release|Any CPU.Build.0 = Release|Any CPU
		{FC764200-2FD8-47F5-8B11-9493A3306833}.Debug|Any CPU.ActiveCfg = Debug|Any CPU
		{FC764200-2FD8-47F5-8B11-9493A3306833}.Debug|Any CPU.Build.0 = Debug|Any CPU
		{FC764200-2FD8-47F5-8B11-9493A3306833}.Release|Any CPU.ActiveCfg = Release|Any CPU
		{FC764200-2FD8-47F5-8B11-9493A3306833}.Release|Any CPU.Build.0 = Release|Any CPU
	EndGlobalSection
	GlobalSection(SolutionProperties) = preSolution
		HideSolutionNode = FALSE
	EndGlobalSection
	GlobalSection(ExtensibilityGlobals) = postSolution
		SolutionGuid = {4282AF9F-B690-4AE9-A014-076147675CF5}
	EndGlobalSection
EndGlobal
